
Microsoft Visual Studio Solution File, Format Version 12.00
# Visual Studio Version 17
VisualStudioVersion = 17.7.34221.43
MinimumVisualStudioVersion = 10.0.40219.1
Project("{FAE04EC0-301F-11D3-BF4B-00C04F79EFBC}") = "KBRPETS", "KBRPETS.csproj", "{D0F74CBB-7D86-4CD8-8FB4-0D8794417A84}"
EndProject
Global
	GlobalSection(SolutionConfigurationPlatforms) = preSolution
		Debug|Any CPU = Debug|Any CPU
		Release|Any CPU = Release|Any CPU
	EndGlobalSection
	GlobalSection(ProjectConfigurationPlatforms) = postSolution
		{D0F74CBB-7D86-4CD8-8FB4-0D8794417A84}.Debug|Any CPU.ActiveCfg = Debug|Any CPU
		{D0F74CBB-7D86-4CD8-8FB4-0D8794417A84}.Debug|Any CPU.Build.0 = Debug|Any CPU
		{D0F74CBB-7D86-4CD8-8FB4-0D8794417A84}.Release|Any CPU.ActiveCfg = Release|Any CPU
		{D0F74CBB-7D86-4CD8-8FB4-0D8794417A84}.Release|Any CPU.Build.0 = Release|Any CPU
	EndGlobalSection
	GlobalSection(SolutionProperties) = preSolution
		HideSolutionNode = FALSE
	EndGlobalSection
	GlobalSection(ExtensibilityGlobals) = postSolution
		SolutionGuid = {920003E5-98E0-42AD-852C-A274CA3933A8}
	EndGlobalSection
EndGlobal
